
Microsoft Visual Studio Solution File, Format Version 12.00
# Visual Studio Version 17
VisualStudioVersion = 17.13.35806.99
MinimumVisualStudioVersion = 10.0.40219.1
Project("{2150E333-8FDC-42A3-9474-1A3956D46DE8}") = "Task0", "Task0", "{02EA681E-C7D8-13C7-8484-4AC65E1B71E8}"
EndProject
Project("{FAE04EC0-301F-11D3-BF4B-00C04F79EFBC}") = "Tyuiu.AntonovVV.Sprint5.Task0.V1", "Tyuiu.AntonovVV.Sprint5.Task0.V1\Tyuiu.AntonovVV.Sprint5.Task0.V1.csproj", "{656EC74D-9062-45D7-AF90-F9F00E725CA2}"
EndProject
Project("{FAE04EC0-301F-11D3-BF4B-00C04F79EFBC}") = "Tyuiu.AntonovVV.Sprint5.Task0.V1.Lib", "Tyuiu.AntonovVV.Sprint5.Task0.V1.Lib\Tyuiu.AntonovVV.Sprint5.Task0.V1.Lib.csproj", "{85F8D175-C7E2-48C0-825D-27FF0BCF432A}"
EndProject
Project("{FAE04EC0-301F-11D3-BF4B-00C04F79EFBC}") = "Tyuiu.AntonovVV.Sprint5.Task0.V1.Test", "Tyuiu.AntonovVV.Sprint5.Task0.V1.Test\Tyuiu.AntonovVV.Sprint5.Task0.V1.Test.csproj", "{4201DAF1-6FD3-4A5A-A00A-FF7AFC3C4508}"
EndProject
Project("{2150E333-8FDC-42A3-9474-1A3956D46DE8}") = "Task1", "Task1", "{CECCFCAB-552D-4CE4-9391-201CBEC5740E}"
EndProject
Project("{FAE04EC0-301F-11D3-BF4B-00C04F79EFBC}") = "Tyuiu.AntonovVV.Sprint5.Task1.V23", "Tyuiu.AntonovVV.Sprint5.Task1.V23\Tyuiu.AntonovVV.Sprint5.Task1.V23.csproj", "{B7F3B0E9-3ACB-469A-84D7-13B83DD7E414}"
EndProject
Project("{FAE04EC0-301F-11D3-BF4B-00C04F79EFBC}") = "Tyuiu.AntonovVV.Sprint5.Task1.V23.Test", "Tyuiu.AntonovVV.Sprint5.Task1.V23.Test\Tyuiu.AntonovVV.Sprint5.Task1.V23.Test.csproj", "{5E497251-4A2D-49FB-A382-0D60BE7205C2}"
EndProject
Project("{FAE04EC0-301F-11D3-BF4B-00C04F79EFBC}") = "Tyuiu.AntonovVV.Sprint5.Task1.V23.Lib", "Tyuiu.AntonovVV.Sprint5.Task1.V23.Lib\Tyuiu.AntonovVV.Sprint5.Task1.V23.Lib.csproj", "{49CB1441-05C8-46F5-A4AB-C1EFD3ACD221}"
EndProject
Project("{2150E333-8FDC-42A3-9474-1A3956D46DE8}") = "Task2", "Task2", "{0EC1243D-5CDC-491C-9C7A-E197CCF90A61}"
EndProject
Project("{2150E333-8FDC-42A3-9474-1A3956D46DE8}") = "Task3", "Task3", "{7FBC7E48-19B4-4364-AC0C-88094D54A8C3}"
EndProject
Project("{2150E333-8FDC-42A3-9474-1A3956D46DE8}") = "Task4", "Task4", "{62387AD4-2C56-4A06-932D-CF1F38AB2D36}"
EndProject
Project("{2150E333-8FDC-42A3-9474-1A3956D46DE8}") = "Task5", "Task5", "{CF1B355D-83E6-4D19-B29F-D57DCDEBC10E}"
EndProject
Project("{2150E333-8FDC-42A3-9474-1A3956D46DE8}") = "Task6", "Task6", "{967C5FAC-130C-45AE-A03B-1AEFF4EC60B9}"
EndProject
Project("{2150E333-8FDC-42A3-9474-1A3956D46DE8}") = "Task7", "Task7", "{D86E0E29-A77D-4178-9E84-8A4C4F045017}"
EndProject
Project("{FAE04EC0-301F-11D3-BF4B-00C04F79EFBC}") = "Tyuiu.AntonovVV.Sprint5.Task2.V8", "Tyuiu.AntonovVV.Sprint5.Task2.V8\Tyuiu.AntonovVV.Sprint5.Task2.V8.csproj", "{2997E98C-2798-4765-950A-05AF36A83288}"
EndProject
Project("{FAE04EC0-301F-11D3-BF4B-00C04F79EFBC}") = "Tyuiu.AntonovVV.Sprint5.Task2.V8.Test", "Tyuiu.AntonovVV.Sprint5.Task2.V8.Test\Tyuiu.AntonovVV.Sprint5.Task2.V8.Test.csproj", "{8353CC8E-8AB6-4D56-B1B2-44BAC277F3EF}"
EndProject
Project("{FAE04EC0-301F-11D3-BF4B-00C04F79EFBC}") = "Tyuiu.AntonovVV.Sprint5.Task2.V8.Lib", "Tyuiu.AntonovVV.Sprint5.Task2.V8.Lib\Tyuiu.AntonovVV.Sprint5.Task2.V8.Lib.csproj", "{8F8273B7-05D8-4393-8D3B-32C76A353426}"
EndProject
Project("{FAE04EC0-301F-11D3-BF4B-00C04F79EFBC}") = "Tyuiu.AntonovVV.Sprint5.Task3.V19", "Tyuiu.AntonovVV.Sprint5.Task3.V19\Tyuiu.AntonovVV.Sprint5.Task3.V19.csproj", "{88B01B4B-774A-4748-B970-1F5B103BAF7F}"
EndProject
Project("{FAE04EC0-301F-11D3-BF4B-00C04F79EFBC}") = "Tyuiu.AntonovVV.Sprint5.Task3.V19.Lib", "Tyuiu.AntonovVV.Sprint5.Task3.V19.Lib\Tyuiu.AntonovVV.Sprint5.Task3.V19.Lib.csproj", "{8CC9889B-4B09-448A-ACAB-CD70798EDAD2}"
EndProject
Project("{FAE04EC0-301F-11D3-BF4B-00C04F79EFBC}") = "Tyuiu.AntonovVV.Sprint5.Task3.V19.Test", "Tyuiu.AntonovVV.Sprint5.Task3.V19.Test\Tyuiu.AntonovVV.Sprint5.Task3.V19.Test.csproj", "{4A56B155-2853-4C44-9F39-273D52DDDB39}"
EndProject
Project("{FAE04EC0-301F-11D3-BF4B-00C04F79EFBC}") = "Tyuiu.AntonovVV.Sprint5.Task4.V10.Test", "Tyuiu.AntonovVV.Sprint5.Task4.V10.Test\Tyuiu.AntonovVV.Sprint5.Task4.V10.Test.csproj", "{AA2A41F2-5B31-41CC-B6E4-E717AA39F4B2}"
EndProject
Project("{FAE04EC0-301F-11D3-BF4B-00C04F79EFBC}") = "Tyuiu.AntonovVV.Sprint5.Task4.V10.Lib", "Tyuiu.AntonovVV.Sprint5.Task4.V10.Lib\Tyuiu.AntonovVV.Sprint5.Task4.V10.Lib.csproj", "{693EA147-ADB6-4359-82D6-1DF7F2BD2F79}"
EndProject
Project("{FAE04EC0-301F-11D3-BF4B-00C04F79EFBC}") = "Tyuiu.AntonovVV.Sprint5.Task4.V10", "Tyuiu.AntonovVV.Sprint5.Task4.V10\Tyuiu.AntonovVV.Sprint5.Task4.V10.csproj", "{F98E26B5-025B-418B-AE72-EB634BE9D205}"
EndProject
Project("{FAE04EC0-301F-11D3-BF4B-00C04F79EFBC}") = "Tyuiu.AntonovVV.Sprint5.Task5.V18", "Tyuiu.AntonovVV.Sprint5.Task5.V18\Tyuiu.AntonovVV.Sprint5.Task5.V18.csproj", "{FBC132E8-33E0-4F01-B445-7E975C1EE969}"
EndProject
Project("{FAE04EC0-301F-11D3-BF4B-00C04F79EFBC}") = "Tyuiu.AntonovVV.Sprint5.Task5.V18.Lib", "Tyuiu.AntonovVV.Sprint5.Task5.V18.Lib\Tyuiu.AntonovVV.Sprint5.Task5.V18.Lib.csproj", "{48201B8A-15B5-4439-B3A5-3B1D3CBEDF38}"
EndProject
Project("{FAE04EC0-301F-11D3-BF4B-00C04F79EFBC}") = "Tyuiu.AntonovVV.Sprint5.Task5.V18.Test", "Tyuiu.AntonovVV.Sprint5.Task5.V18.Test\Tyuiu.AntonovVV.Sprint5.Task5.V18.Test.csproj", "{4D8F17DE-CC67-42D6-8BBD-1B20DFB5C27D}"
EndProject
Global
	GlobalSection(SolutionConfigurationPlatforms) = preSolution
		Debug|Any CPU = Debug|Any CPU
		Release|Any CPU = Release|Any CPU
	EndGlobalSection
	GlobalSection(ProjectConfigurationPlatforms) = postSolution
		{656EC74D-9062-45D7-AF90-F9F00E725CA2}.Debug|Any CPU.ActiveCfg = Debug|Any CPU
		{656EC74D-9062-45D7-AF90-F9F00E725CA2}.Debug|Any CPU.Build.0 = Debug|Any CPU
		{656EC74D-9062-45D7-AF90-F9F00E725CA2}.Release|Any CPU.ActiveCfg = Release|Any CPU
		{656EC74D-9062-45D7-AF90-F9F00E725CA2}.Release|Any CPU.Build.0 = Release|Any CPU
		{85F8D175-C7E2-48C0-825D-27FF0BCF432A}.Debug|Any CPU.ActiveCfg = Debug|Any CPU
		{85F8D175-C7E2-48C0-825D-27FF0BCF432A}.Debug|Any CPU.Build.0 = Debug|Any CPU
		{85F8D175-C7E2-48C0-825D-27FF0BCF432A}.Release|Any CPU.ActiveCfg = Release|Any CPU
		{85F8D175-C7E2-48C0-825D-27FF0BCF432A}.Release|Any CPU.Build.0 = Release|Any CPU
		{4201DAF1-6FD3-4A5A-A00A-FF7AFC3C4508}.Debug|Any CPU.ActiveCfg = Debug|Any CPU
		{4201DAF1-6FD3-4A5A-A00A-FF7AFC3C4508}.Debug|Any CPU.Build.0 = Debug|Any CPU
		{4201DAF1-6FD3-4A5A-A00A-FF7AFC3C4508}.Release|Any CPU.ActiveCfg = Release|Any CPU
		{4201DAF1-6FD3-4A5A-A00A-FF7AFC3C4508}.Release|Any CPU.Build.0 = Release|Any CPU
		{B7F3B0E9-3ACB-469A-84D7-13B83DD7E414}.Debug|Any CPU.ActiveCfg = Debug|Any CPU
		{B7F3B0E9-3ACB-469A-84D7-13B83DD7E414}.Debug|Any CPU.Build.0 = Debug|Any CPU
		{B7F3B0E9-3ACB-469A-84D7-13B83DD7E414}.Release|Any CPU.ActiveCfg = Release|Any CPU
		{B7F3B0E9-3ACB-469A-84D7-13B83DD7E414}.Release|Any CPU.Build.0 = Release|Any CPU
		{5E497251-4A2D-49FB-A382-0D60BE7205C2}.Debug|Any CPU.ActiveCfg = Debug|Any CPU
		{5E497251-4A2D-49FB-A382-0D60BE7205C2}.Debug|Any CPU.Build.0 = Debug|Any CPU
		{5E497251-4A2D-49FB-A382-0D60BE7205C2}.Release|Any CPU.ActiveCfg = Release|Any CPU
		{5E497251-4A2D-49FB-A382-0D60BE7205C2}.Release|Any CPU.Build.0 = Release|Any CPU
		{49CB1441-05C8-46F5-A4AB-C1EFD3ACD221}.Debug|Any CPU.ActiveCfg = Debug|Any CPU
		{49CB1441-05C8-46F5-A4AB-C1EFD3ACD221}.Debug|Any CPU.Build.0 = Debug|Any CPU
		{49CB1441-05C8-46F5-A4AB-C1EFD3ACD221}.Release|Any CPU.ActiveCfg = Release|Any CPU
		{49CB1441-05C8-46F5-A4AB-C1EFD3ACD221}.Release|Any CPU.Build.0 = Release|Any CPU
		{2997E98C-2798-4765-950A-05AF36A83288}.Debug|Any CPU.ActiveCfg = Debug|Any CPU
		{2997E98C-2798-4765-950A-05AF36A83288}.Debug|Any CPU.Build.0 = Debug|Any CPU
		{2997E98C-2798-4765-950A-05AF36A83288}.Release|Any CPU.ActiveCfg = Release|Any CPU
		{2997E98C-2798-4765-950A-05AF36A83288}.Release|Any CPU.Build.0 = Release|Any CPU
		{8353CC8E-8AB6-4D56-B1B2-44BAC277F3EF}.Debug|Any CPU.ActiveCfg = Debug|Any CPU
		{8353CC8E-8AB6-4D56-B1B2-44BAC277F3EF}.Debug|Any CPU.Build.0 = Debug|Any CPU
		{8353CC8E-8AB6-4D56-B1B2-44BAC277F3EF}.Release|Any CPU.ActiveCfg = Release|Any CPU
		{8353CC8E-8AB6-4D56-B1B2-44BAC277F3EF}.Release|Any CPU.Build.0 = Release|Any CPU
		{8F8273B7-05D8-4393-8D3B-32C76A353426}.Debug|Any CPU.ActiveCfg = Debug|Any CPU
		{8F8273B7-05D8-4393-8D3B-32C76A353426}.Debug|Any CPU.Build.0 = Debug|Any CPU
		{8F8273B7-05D8-4393-8D3B-32C76A353426}.Release|Any CPU.ActiveCfg = Release|Any CPU
		{8F8273B7-05D8-4393-8D3B-32C76A353426}.Release|Any CPU.Build.0 = Release|Any CPU
		{88B01B4B-774A-4748-B970-1F5B103BAF7F}.Debug|Any CPU.ActiveCfg = Debug|Any CPU
		{88B01B4B-774A-4748-B970-1F5B103BAF7F}.Debug|Any CPU.Build.0 = Debug|Any CPU
		{88B01B4B-774A-4748-B970-1F5B103BAF7F}.Release|Any CPU.ActiveCfg = Release|Any CPU
		{88B01B4B-774A-4748-B970-1F5B103BAF7F}.Release|Any CPU.Build.0 = Release|Any CPU
		{8CC9889B-4B09-448A-ACAB-CD70798EDAD2}.Debug|Any CPU.ActiveCfg = Debug|Any CPU
		{8CC9889B-4B09-448A-ACAB-CD70798EDAD2}.Debug|Any CPU.Build.0 = Debug|Any CPU
		{8CC9889B-4B09-448A-ACAB-CD70798EDAD2}.Release|Any CPU.ActiveCfg = Release|Any CPU
		{8CC9889B-4B09-448A-ACAB-CD70798EDAD2}.Release|Any CPU.Build.0 = Release|Any CPU
		{4A56B155-2853-4C44-9F39-273D52DDDB39}.Debug|Any CPU.ActiveCfg = Debug|Any CPU
		{4A56B155-2853-4C44-9F39-273D52DDDB39}.Debug|Any CPU.Build.0 = Debug|Any CPU
		{4A56B155-2853-4C44-9F39-273D52DDDB39}.Release|Any CPU.ActiveCfg = Release|Any CPU
		{4A56B155-2853-4C44-9F39-273D52DDDB39}.Release|Any CPU.Build.0 = Release|Any CPU
		{AA2A41F2-5B31-41CC-B6E4-E717AA39F4B2}.Debug|Any CPU.ActiveCfg = Debug|Any CPU
		{AA2A41F2-5B31-41CC-B6E4-E717AA39F4B2}.Debug|Any CPU.Build.0 = Debug|Any CPU
		{AA2A41F2-5B31-41CC-B6E4-E717AA39F4B2}.Release|Any CPU.ActiveCfg = Release|Any CPU
		{AA2A41F2-5B31-41CC-B6E4-E717AA39F4B2}.Release|Any CPU.Build.0 = Release|Any CPU
		{693EA147-ADB6-4359-82D6-1DF7F2BD2F79}.Debug|Any CPU.ActiveCfg = Debug|Any CPU
		{693EA147-ADB6-4359-82D6-1DF7F2BD2F79}.Debug|Any CPU.Build.0 = Debug|Any CPU
		{693EA147-ADB6-4359-82D6-1DF7F2BD2F79}.Release|Any CPU.ActiveCfg = Release|Any CPU
		{693EA147-ADB6-4359-82D6-1DF7F2BD2F79}.Release|Any CPU.Build.0 = Release|Any CPU
		{F98E26B5-025B-418B-AE72-EB634BE9D205}.Debug|Any CPU.ActiveCfg = Debug|Any CPU
		{F98E26B5-025B-418B-AE72-EB634BE9D205}.Debug|Any CPU.Build.0 = Debug|Any CPU
		{F98E26B5-025B-418B-AE72-EB634BE9D205}.Release|Any CPU.ActiveCfg = Release|Any CPU
		{F98E26B5-025B-418B-AE72-EB634BE9D205}.Release|Any CPU.Build.0 = Release|Any CPU
		{FBC132E8-33E0-4F01-B445-7E975C1EE969}.Debug|Any CPU.ActiveCfg = Debug|Any CPU
		{FBC132E8-33E0-4F01-B445-7E975C1EE969}.Debug|Any CPU.Build.0 = Debug|Any CPU
		{FBC132E8-33E0-4F01-B445-7E975C1EE969}.Release|Any CPU.ActiveCfg = Release|Any CPU
		{FBC132E8-33E0-4F01-B445-7E975C1EE969}.Release|Any CPU.Build.0 = Release|Any CPU
		{48201B8A-15B5-4439-B3A5-3B1D3CBEDF38}.Debug|Any CPU.ActiveCfg = Debug|Any CPU
		{48201B8A-15B5-4439-B3A5-3B1D3CBEDF38}.Debug|Any CPU.Build.0 = Debug|Any CPU
		{48201B8A-15B5-4439-B3A5-3B1D3CBEDF38}.Release|Any CPU.ActiveCfg = Release|Any CPU
		{48201B8A-15B5-4439-B3A5-3B1D3CBEDF38}.Release|Any CPU.Build.0 = Release|Any CPU
		{4D8F17DE-CC67-42D6-8BBD-1B20DFB5C27D}.Debug|Any CPU.ActiveCfg = Debug|Any CPU
		{4D8F17DE-CC67-42D6-8BBD-1B20DFB5C27D}.Debug|Any CPU.Build.0 = Debug|Any CPU
		{4D8F17DE-CC67-42D6-8BBD-1B20DFB5C27D}.Release|Any CPU.ActiveCfg = Release|Any CPU
		{4D8F17DE-CC67-42D6-8BBD-1B20DFB5C27D}.Release|Any CPU.Build.0 = Release|Any CPU
	EndGlobalSection
	GlobalSection(SolutionProperties) = preSolution
		HideSolutionNode = FALSE
	EndGlobalSection
	GlobalSection(NestedProjects) = preSolution
		{656EC74D-9062-45D7-AF90-F9F00E725CA2} = {02EA681E-C7D8-13C7-8484-4AC65E1B71E8}
		{85F8D175-C7E2-48C0-825D-27FF0BCF432A} = {02EA681E-C7D8-13C7-8484-4AC65E1B71E8}
		{4201DAF1-6FD3-4A5A-A00A-FF7AFC3C4508} = {02EA681E-C7D8-13C7-8484-4AC65E1B71E8}
		{B7F3B0E9-3ACB-469A-84D7-13B83DD7E414} = {CECCFCAB-552D-4CE4-9391-201CBEC5740E}
		{5E497251-4A2D-49FB-A382-0D60BE7205C2} = {CECCFCAB-552D-4CE4-9391-201CBEC5740E}
		{49CB1441-05C8-46F5-A4AB-C1EFD3ACD221} = {CECCFCAB-552D-4CE4-9391-201CBEC5740E}
		{2997E98C-2798-4765-950A-05AF36A83288} = {0EC1243D-5CDC-491C-9C7A-E197CCF90A61}
		{8353CC8E-8AB6-4D56-B1B2-44BAC277F3EF} = {0EC1243D-5CDC-491C-9C7A-E197CCF90A61}
		{8F8273B7-05D8-4393-8D3B-32C76A353426} = {0EC1243D-5CDC-491C-9C7A-E197CCF90A61}
		{88B01B4B-774A-4748-B970-1F5B103BAF7F} = {7FBC7E48-19B4-4364-AC0C-88094D54A8C3}
		{8CC9889B-4B09-448A-ACAB-CD70798EDAD2} = {7FBC7E48-19B4-4364-AC0C-88094D54A8C3}
		{4A56B155-2853-4C44-9F39-273D52DDDB39} = {7FBC7E48-19B4-4364-AC0C-88094D54A8C3}
		{AA2A41F2-5B31-41CC-B6E4-E717AA39F4B2} = {62387AD4-2C56-4A06-932D-CF1F38AB2D36}
		{693EA147-ADB6-4359-82D6-1DF7F2BD2F79} = {62387AD4-2C56-4A06-932D-CF1F38AB2D36}
		{F98E26B5-025B-418B-AE72-EB634BE9D205} = {62387AD4-2C56-4A06-932D-CF1F38AB2D36}
		{FBC132E8-33E0-4F01-B445-7E975C1EE969} = {CF1B355D-83E6-4D19-B29F-D57DCDEBC10E}
		{48201B8A-15B5-4439-B3A5-3B1D3CBEDF38} = {CF1B355D-83E6-4D19-B29F-D57DCDEBC10E}
		{4D8F17DE-CC67-42D6-8BBD-1B20DFB5C27D} = {CF1B355D-83E6-4D19-B29F-D57DCDEBC10E}
	EndGlobalSection
	GlobalSection(ExtensibilityGlobals) = postSolution
		SolutionGuid = {BBF1C5D8-1111-41C2-8EF2-4B010C7936C7}
	EndGlobalSection
EndGlobal
